// !$*UTF8*$!
{
	archiveVersion = 1;
	classes = {
	};
	objectVersion = 60;
	objects = {

/* Begin PBXBuildFile section */
		1A2B3C4D5E6F000000000200 /* FocusLiteApp.swift in Sources */ = {isa = PBXBuildFile; fileRef = 1A2B3C4D5E6F000000000100 /* FocusLiteApp.swift */; };
		1A2B3C4D5E6F000000000201 /* AppDelegate.swift in Sources */ = {isa = PBXBuildFile; fileRef = 1A2B3C4D5E6F000000000101 /* AppDelegate.swift */; };
		1A2B3C4D5E6F000000000202 /* LauncherWindowController.swift in Sources */ = {isa = PBXBuildFile; fileRef = 1A2B3C4D5E6F000000000102 /* LauncherWindowController.swift */; };
		1A2B3C4D5E6F000000000203 /* LauncherView.swift in Sources */ = {isa = PBXBuildFile; fileRef = 1A2B3C4D5E6F000000000103 /* LauncherView.swift */; };
		1A2B3C4D5E6F000000000204 /* LauncherViewModel.swift in Sources */ = {isa = PBXBuildFile; fileRef = 1A2B3C4D5E6F000000000104 /* LauncherViewModel.swift */; };
		1A2B3C4D5E6F000000000205 /* HotKeyManager.swift in Sources */ = {isa = PBXBuildFile; fileRef = 1A2B3C4D5E6F000000000105 /* HotKeyManager.swift */; };
		1A2B3C4D5E6F000000000206 /* ResultItem.swift in Sources */ = {isa = PBXBuildFile; fileRef = 1A2B3C4D5E6F000000000109 /* ResultItem.swift */; };
		1A2B3C4D5E6F000000000207 /* ResultProvider.swift in Sources */ = {isa = PBXBuildFile; fileRef = 1A2B3C4D5E6F00000000010A /* ResultProvider.swift */; };
		1A2B3C4D5E6F000000000208 /* SearchEngine.swift in Sources */ = {isa = PBXBuildFile; fileRef = 1A2B3C4D5E6F00000000010B /* SearchEngine.swift */; };
		1A2B3C4D5E6F00000000020A /* Log.swift in Sources */ = {isa = PBXBuildFile; fileRef = 1A2B3C4D5E6F00000000010D /* Log.swift */; };
		1A2B3C4D5E6F00000000020B /* Assets.xcassets in Resources */ = {isa = PBXBuildFile; fileRef = 1A2B3C4D5E6F000000000108 /* Assets.xcassets */; };
		1A2B3C4D5E6F00000000020C /* AppKit.framework in Frameworks */ = {isa = PBXBuildFile; fileRef = 1A2B3C4D5E6F000000000120 /* AppKit.framework */; };
		1A2B3C4D5E6F00000000020D /* SwiftUI.framework in Frameworks */ = {isa = PBXBuildFile; fileRef = 1A2B3C4D5E6F000000000121 /* SwiftUI.framework */; };
		1A2B3C4D5E6F00000000020E /* Carbon.framework in Frameworks */ = {isa = PBXBuildFile; fileRef = 1A2B3C4D5E6F000000000122 /* Carbon.framework */; };
		1A2B3C4D5E6F00000000020F /* XCTest.framework in Frameworks */ = {isa = PBXBuildFile; fileRef = 1A2B3C4D5E6F000000000123 /* XCTest.framework */; };
		1A2B3C4D5E6F000000000210 /* FocusLiteTests.swift in Sources */ = {isa = PBXBuildFile; fileRef = 1A2B3C4D5E6F00000000010E /* FocusLiteTests.swift */; };
		1A2B3C4D5E6F000000000211 /* CalcProvider.swift in Sources */ = {isa = PBXBuildFile; fileRef = 1A2B3C4D5E6F000000000111 /* CalcProvider.swift */; };
		1A2B3C4D5E6F000000000212 /* ExpressionParser.swift in Sources */ = {isa = PBXBuildFile; fileRef = 1A2B3C4D5E6F000000000112 /* ExpressionParser.swift */; };
		1A2B3C4D5E6F000000000213 /* SearchQueryClassifier.swift in Sources */ = {isa = PBXBuildFile; fileRef = 1A2B3C4D5E6F000000000113 /* SearchQueryClassifier.swift */; };
		1A2B3C4D5E6F000000000214 /* ExpressionParserTests.swift in Sources */ = {isa = PBXBuildFile; fileRef = 1A2B3C4D5E6F000000000114 /* ExpressionParserTests.swift */; };
		1A2B3C4D5E6F000000000230 /* AppSearchProvider.swift in Sources */ = {isa = PBXBuildFile; fileRef = 1A2B3C4D5E6F000000000130 /* AppSearchProvider.swift */; };
		1A2B3C4D5E6F000000000231 /* AppIndex.swift in Sources */ = {isa = PBXBuildFile; fileRef = 1A2B3C4D5E6F000000000132 /* AppIndex.swift */; };
		1A2B3C4D5E6F000000000233 /* AppNameIndex.swift in Sources */ = {isa = PBXBuildFile; fileRef = 1A2B3C4D5E6F000000000133 /* AppNameIndex.swift */; };
		1A2B3C4D5E6F000000000234 /* Matcher.swift in Sources */ = {isa = PBXBuildFile; fileRef = 1A2B3C4D5E6F000000000134 /* Matcher.swift */; };
		1A2B3C4D5E6F000000000235 /* PinyinProvider.swift in Sources */ = {isa = PBXBuildFile; fileRef = 1A2B3C4D5E6F000000000135 /* PinyinProvider.swift */; };
		1A2B3C4D5E6F000000000236 /* UserAliasStore.swift in Sources */ = {isa = PBXBuildFile; fileRef = 1A2B3C4D5E6F000000000136 /* UserAliasStore.swift */; };
		1A2B3C4D5E6F000000000237 /* Bundle+Pinyin4Swift.swift in Sources */ = {isa = PBXBuildFile; fileRef = 1A2B3C4D5E6F000000000137 /* Bundle+Pinyin4Swift.swift */; };
		1A2B3C4D5E6F000000000238 /* OutputFormat.swift in Sources */ = {isa = PBXBuildFile; fileRef = 1A2B3C4D5E6F000000000138 /* OutputFormat.swift */; };
		1A2B3C4D5E6F000000000239 /* PinyinFormatter.swift in Sources */ = {isa = PBXBuildFile; fileRef = 1A2B3C4D5E6F000000000139 /* PinyinFormatter.swift */; };
		1A2B3C4D5E6F00000000023A /* PinyinHelper.swift in Sources */ = {isa = PBXBuildFile; fileRef = 1A2B3C4D5E6F00000000013A /* PinyinHelper.swift */; };
		1A2B3C4D5E6F00000000023B /* PinyinResource.swift in Sources */ = {isa = PBXBuildFile; fileRef = 1A2B3C4D5E6F00000000013B /* PinyinResource.swift */; };
		1A2B3C4D5E6F00000000023C /* String+Pinyin4Swift.swift in Sources */ = {isa = PBXBuildFile; fileRef = 1A2B3C4D5E6F00000000013C /* String+Pinyin4Swift.swift */; };
		1A2B3C4D5E6F00000000023D /* unicode_to_hanyu_pinyin.txt in Resources */ = {isa = PBXBuildFile; fileRef = 1A2B3C4D5E6F00000000013D /* unicode_to_hanyu_pinyin.txt */; };
		1A2B3C4D5E6F000000000241 /* MatchingTests.swift in Sources */ = {isa = PBXBuildFile; fileRef = 1A2B3C4D5E6F000000000141 /* MatchingTests.swift */; };
		1A2B3C4D5E6F000000000242 /* AppIndexSettingsView.swift in Sources */ = {isa = PBXBuildFile; fileRef = 1A2B3C4D5E6F000000000142 /* AppIndexSettingsView.swift */; };
		1A2B3C4D5E6F000000000250 /* SnippetsManagerView.swift in Sources */ = {isa = PBXBuildFile; fileRef = 1A2B3C4D5E6F000000000150 /* SnippetsManagerView.swift */; };
		1A2B3C4D5E6F000000000251 /* Snippet.swift in Sources */ = {isa = PBXBuildFile; fileRef = 1A2B3C4D5E6F000000000151 /* Snippet.swift */; };
		1A2B3C4D5E6F000000000252 /* SnippetStore.swift in Sources */ = {isa = PBXBuildFile; fileRef = 1A2B3C4D5E6F000000000152 /* SnippetStore.swift */; };
		1A2B3C4D5E6F000000000253 /* SnippetMatcher.swift in Sources */ = {isa = PBXBuildFile; fileRef = 1A2B3C4D5E6F000000000153 /* SnippetMatcher.swift */; };
		1A2B3C4D5E6F000000000254 /* SnippetsProvider.swift in Sources */ = {isa = PBXBuildFile; fileRef = 1A2B3C4D5E6F000000000154 /* SnippetsProvider.swift */; };
		1A2B3C4D5E6F000000000256 /* AccessibilityPermission.swift in Sources */ = {isa = PBXBuildFile; fileRef = 1A2B3C4D5E6F000000000156 /* AccessibilityPermission.swift */; };
		1A2B3C4D5E6F000000000257 /* HotKeyDescriptor.swift in Sources */ = {isa = PBXBuildFile; fileRef = 1A2B3C4D5E6F000000000157 /* HotKeyDescriptor.swift */; };
		1A2B3C4D5E6F000000000260 /* ClipboardSettingsView.swift in Sources */ = {isa = PBXBuildFile; fileRef = 1A2B3C4D5E6F000000000160 /* ClipboardSettingsView.swift */; };
		1A2B3C4D5E6F000000000270 /* ClipboardEntry.swift in Sources */ = {isa = PBXBuildFile; fileRef = 1A2B3C4D5E6F000000000170 /* ClipboardEntry.swift */; };
		1A2B3C4D5E6F000000000271 /* ClipboardPreferences.swift in Sources */ = {isa = PBXBuildFile; fileRef = 1A2B3C4D5E6F000000000171 /* ClipboardPreferences.swift */; };
		1A2B3C4D5E6F000000000273 /* ClipboardStore.swift in Sources */ = {isa = PBXBuildFile; fileRef = 1A2B3C4D5E6F000000000173 /* ClipboardStore.swift */; };
		1A2B3C4D5E6F000000000274 /* ClipboardMonitor.swift in Sources */ = {isa = PBXBuildFile; fileRef = 1A2B3C4D5E6F000000000174 /* ClipboardMonitor.swift */; };
		1A2B3C4D5E6F000000000275 /* ClipboardProvider.swift in Sources */ = {isa = PBXBuildFile; fileRef = 1A2B3C4D5E6F000000000175 /* ClipboardProvider.swift */; };
		1A2B3C4D5E6F000000000320 /* SearchState.swift in Sources */ = {isa = PBXBuildFile; fileRef = 1A2B3C4D5E6F000000000300 /* SearchState.swift */; };
		1A2B3C4D5E6F000000000321 /* PrefixRegistry.swift in Sources */ = {isa = PBXBuildFile; fileRef = 1A2B3C4D5E6F000000000301 /* PrefixRegistry.swift */; };
		1A2B3C4D5E6F000000000322 /* PrefixResultItem.swift in Sources */ = {isa = PBXBuildFile; fileRef = 1A2B3C4D5E6F000000000302 /* PrefixResultItem.swift */; };
		1A2B3C4D5E6F000000000323 /* SearchStateReducer.swift in Sources */ = {isa = PBXBuildFile; fileRef = 1A2B3C4D5E6F000000000303 /* SearchStateReducer.swift */; };
		1A2B3C4D5E6F000000000324 /* SnippetsPreferences.swift in Sources */ = {isa = PBXBuildFile; fileRef = 1A2B3C4D5E6F000000000304 /* SnippetsPreferences.swift */; };
		1A2B3C4D5E6F000000000325 /* TagView.swift in Sources */ = {isa = PBXBuildFile; fileRef = 1A2B3C4D5E6F000000000305 /* TagView.swift */; };
		1A2B3C4D5E6F000000000330 /* TranslatePreferences.swift in Sources */ = {isa = PBXBuildFile; fileRef = 1A2B3C4D5E6F000000000420 /* TranslatePreferences.swift */; };
		1A2B3C4D5E6F000000000331 /* TranslateSettingsView.swift in Sources */ = {isa = PBXBuildFile; fileRef = 1A2B3C4D5E6F000000000421 /* TranslateSettingsView.swift */; };
		1A2B3C4D5E6F000000000332 /* SettingsView.swift in Sources */ = {isa = PBXBuildFile; fileRef = 1A2B3C4D5E6F000000000430 /* SettingsView.swift */; };
		1A2B3C4D5E6F000000000333 /* TranslationService.swift in Sources */ = {isa = PBXBuildFile; fileRef = 1A2B3C4D5E6F000000000423 /* TranslationService.swift */; };
		1A2B3C4D5E6F000000000334 /* TranslationCoordinator.swift in Sources */ = {isa = PBXBuildFile; fileRef = 1A2B3C4D5E6F000000000424 /* TranslationCoordinator.swift */; };
		1A2B3C4D5E6F000000000337 /* TranslateProvider.swift in Sources */ = {isa = PBXBuildFile; fileRef = 1A2B3C4D5E6F000000000428 /* TranslateProvider.swift */; };
		1A2B3C4D5E6F000000000338 /* TranslationProxy.swift in Sources */ = {isa = PBXBuildFile; fileRef = 1A2B3C4D5E6F000000000429 /* TranslationProxy.swift */; };
		1A2B3C4D5E6F000000000339 /* APITranslationService.swift in Sources */ = {isa = PBXBuildFile; fileRef = 1A2B3C4D5E6F00000000042A /* APITranslationService.swift */; };
		1A2B3C4D5E6F000000000340 /* SettingsWindowController.swift in Sources */ = {isa = PBXBuildFile; fileRef = 1A2B3C4D5E6F000000000431 /* SettingsWindowController.swift */; };
		81DD649A6F1340A498062F07 /* UpdateSettingsView.swift in Sources */ = {isa = PBXBuildFile; fileRef = 81DD649A6F1340A498062F06 /* UpdateSettingsView.swift */; };
		96AE658C2F0039F200F4C762 /* Sparkle in Frameworks */ = {isa = PBXBuildFile; productRef = 96AE658B2F0039F200F4C762 /* Sparkle */; };
		98746D42D3E646CCB757A85D /* AppUpdater.swift in Sources */ = {isa = PBXBuildFile; fileRef = 98746D42D3E646CCB757A85C /* AppUpdater.swift */; };
/* End PBXBuildFile section */

/* Begin PBXContainerItemProxy section */
		1A2B3C4D5E6F000000000030 /* PBXContainerItemProxy */ = {
			isa = PBXContainerItemProxy;
			containerPortal = 1A2B3C4D5E6F000000000000 /* Project object */;
			proxyType = 1;
			remoteGlobalIDString = 1A2B3C4D5E6F000000000010;
			remoteInfo = FocusLite;
		};
/* End PBXContainerItemProxy section */

/* Begin PBXFileReference section */
		1A2B3C4D5E6F000000000100 /* FocusLiteApp.swift */ = {isa = PBXFileReference; lastKnownFileType = sourcecode.swift; path = FocusLiteApp.swift; sourceTree = "<group>"; };
		1A2B3C4D5E6F000000000101 /* AppDelegate.swift */ = {isa = PBXFileReference; lastKnownFileType = sourcecode.swift; path = AppDelegate.swift; sourceTree = "<group>"; };
		1A2B3C4D5E6F000000000102 /* LauncherWindowController.swift */ = {isa = PBXFileReference; lastKnownFileType = sourcecode.swift; path = LauncherWindowController.swift; sourceTree = "<group>"; };
		1A2B3C4D5E6F000000000103 /* LauncherView.swift */ = {isa = PBXFileReference; lastKnownFileType = sourcecode.swift; path = LauncherView.swift; sourceTree = "<group>"; };
		1A2B3C4D5E6F000000000104 /* LauncherViewModel.swift */ = {isa = PBXFileReference; lastKnownFileType = sourcecode.swift; path = LauncherViewModel.swift; sourceTree = "<group>"; };
		1A2B3C4D5E6F000000000105 /* HotKeyManager.swift */ = {isa = PBXFileReference; lastKnownFileType = sourcecode.swift; path = HotKeyManager.swift; sourceTree = "<group>"; };
		1A2B3C4D5E6F000000000106 /* Info.plist */ = {isa = PBXFileReference; lastKnownFileType = text.plist.xml; path = Info.plist; sourceTree = "<group>"; };
		1A2B3C4D5E6F000000000107 /* FocusLite.entitlements */ = {isa = PBXFileReference; lastKnownFileType = text.plist.entitlements; path = FocusLite.entitlements; sourceTree = "<group>"; };
		1A2B3C4D5E6F000000000108 /* Assets.xcassets */ = {isa = PBXFileReference; lastKnownFileType = folder.assetcatalog; path = Assets.xcassets; sourceTree = "<group>"; };
		1A2B3C4D5E6F000000000109 /* ResultItem.swift */ = {isa = PBXFileReference; lastKnownFileType = sourcecode.swift; path = ResultItem.swift; sourceTree = "<group>"; };
		1A2B3C4D5E6F00000000010A /* ResultProvider.swift */ = {isa = PBXFileReference; lastKnownFileType = sourcecode.swift; path = ResultProvider.swift; sourceTree = "<group>"; };
		1A2B3C4D5E6F00000000010B /* SearchEngine.swift */ = {isa = PBXFileReference; lastKnownFileType = sourcecode.swift; path = SearchEngine.swift; sourceTree = "<group>"; };
		1A2B3C4D5E6F00000000010D /* Log.swift */ = {isa = PBXFileReference; lastKnownFileType = sourcecode.swift; path = Log.swift; sourceTree = "<group>"; };
		1A2B3C4D5E6F00000000010E /* FocusLiteTests.swift */ = {isa = PBXFileReference; lastKnownFileType = sourcecode.swift; path = FocusLiteTests.swift; sourceTree = "<group>"; };
		1A2B3C4D5E6F00000000010F /* FocusLite.app */ = {isa = PBXFileReference; explicitFileType = wrapper.application; path = FocusLite.app; sourceTree = BUILT_PRODUCTS_DIR; };
		1A2B3C4D5E6F000000000110 /* FocusLiteTests.xctest */ = {isa = PBXFileReference; explicitFileType = wrapper.cfbundle; path = FocusLiteTests.xctest; sourceTree = BUILT_PRODUCTS_DIR; };
		1A2B3C4D5E6F000000000111 /* CalcProvider.swift */ = {isa = PBXFileReference; lastKnownFileType = sourcecode.swift; path = CalcProvider.swift; sourceTree = "<group>"; };
		1A2B3C4D5E6F000000000112 /* ExpressionParser.swift */ = {isa = PBXFileReference; lastKnownFileType = sourcecode.swift; path = ExpressionParser.swift; sourceTree = "<group>"; };
		1A2B3C4D5E6F000000000113 /* SearchQueryClassifier.swift */ = {isa = PBXFileReference; lastKnownFileType = sourcecode.swift; path = SearchQueryClassifier.swift; sourceTree = "<group>"; };
		1A2B3C4D5E6F000000000114 /* ExpressionParserTests.swift */ = {isa = PBXFileReference; lastKnownFileType = sourcecode.swift; path = ExpressionParserTests.swift; sourceTree = "<group>"; };
		1A2B3C4D5E6F000000000120 /* AppKit.framework */ = {isa = PBXFileReference; lastKnownFileType = wrapper.framework; name = AppKit.framework; path = System/Library/Frameworks/AppKit.framework; sourceTree = SDKROOT; };
		1A2B3C4D5E6F000000000121 /* SwiftUI.framework */ = {isa = PBXFileReference; lastKnownFileType = wrapper.framework; name = SwiftUI.framework; path = System/Library/Frameworks/SwiftUI.framework; sourceTree = SDKROOT; };
		1A2B3C4D5E6F000000000122 /* Carbon.framework */ = {isa = PBXFileReference; lastKnownFileType = wrapper.framework; name = Carbon.framework; path = System/Library/Frameworks/Carbon.framework; sourceTree = SDKROOT; };
		1A2B3C4D5E6F000000000123 /* XCTest.framework */ = {isa = PBXFileReference; lastKnownFileType = wrapper.framework; name = XCTest.framework; path = System/Library/Frameworks/XCTest.framework; sourceTree = SDKROOT; };
		1A2B3C4D5E6F000000000130 /* AppSearchProvider.swift */ = {isa = PBXFileReference; lastKnownFileType = sourcecode.swift; path = AppSearchProvider.swift; sourceTree = "<group>"; };
		1A2B3C4D5E6F000000000132 /* AppIndex.swift */ = {isa = PBXFileReference; lastKnownFileType = sourcecode.swift; path = AppIndex.swift; sourceTree = "<group>"; };
		1A2B3C4D5E6F000000000133 /* AppNameIndex.swift */ = {isa = PBXFileReference; lastKnownFileType = sourcecode.swift; path = AppNameIndex.swift; sourceTree = "<group>"; };
		1A2B3C4D5E6F000000000134 /* Matcher.swift */ = {isa = PBXFileReference; lastKnownFileType = sourcecode.swift; path = Matcher.swift; sourceTree = "<group>"; };
		1A2B3C4D5E6F000000000135 /* PinyinProvider.swift */ = {isa = PBXFileReference; lastKnownFileType = sourcecode.swift; path = PinyinProvider.swift; sourceTree = "<group>"; };
		1A2B3C4D5E6F000000000136 /* UserAliasStore.swift */ = {isa = PBXFileReference; lastKnownFileType = sourcecode.swift; path = UserAliasStore.swift; sourceTree = "<group>"; };
		1A2B3C4D5E6F000000000137 /* Bundle+Pinyin4Swift.swift */ = {isa = PBXFileReference; lastKnownFileType = sourcecode.swift; path = "Bundle+Pinyin4Swift.swift"; sourceTree = "<group>"; };
		1A2B3C4D5E6F000000000138 /* OutputFormat.swift */ = {isa = PBXFileReference; lastKnownFileType = sourcecode.swift; path = OutputFormat.swift; sourceTree = "<group>"; };
		1A2B3C4D5E6F000000000139 /* PinyinFormatter.swift */ = {isa = PBXFileReference; lastKnownFileType = sourcecode.swift; path = PinyinFormatter.swift; sourceTree = "<group>"; };
		1A2B3C4D5E6F00000000013A /* PinyinHelper.swift */ = {isa = PBXFileReference; lastKnownFileType = sourcecode.swift; path = PinyinHelper.swift; sourceTree = "<group>"; };
		1A2B3C4D5E6F00000000013B /* PinyinResource.swift */ = {isa = PBXFileReference; lastKnownFileType = sourcecode.swift; path = PinyinResource.swift; sourceTree = "<group>"; };
		1A2B3C4D5E6F00000000013C /* String+Pinyin4Swift.swift */ = {isa = PBXFileReference; lastKnownFileType = sourcecode.swift; path = "String+Pinyin4Swift.swift"; sourceTree = "<group>"; };
		1A2B3C4D5E6F00000000013D /* unicode_to_hanyu_pinyin.txt */ = {isa = PBXFileReference; lastKnownFileType = text; path = Resources/unicode_to_hanyu_pinyin.txt; sourceTree = "<group>"; };
		1A2B3C4D5E6F000000000141 /* MatchingTests.swift */ = {isa = PBXFileReference; lastKnownFileType = sourcecode.swift; path = MatchingTests.swift; sourceTree = "<group>"; };
		1A2B3C4D5E6F000000000142 /* AppIndexSettingsView.swift */ = {isa = PBXFileReference; lastKnownFileType = sourcecode.swift; path = AppIndexSettingsView.swift; sourceTree = "<group>"; };
		1A2B3C4D5E6F000000000150 /* SnippetsManagerView.swift */ = {isa = PBXFileReference; lastKnownFileType = sourcecode.swift; path = SnippetsManagerView.swift; sourceTree = "<group>"; };
		1A2B3C4D5E6F000000000151 /* Snippet.swift */ = {isa = PBXFileReference; lastKnownFileType = sourcecode.swift; path = Snippet.swift; sourceTree = "<group>"; };
		1A2B3C4D5E6F000000000152 /* SnippetStore.swift */ = {isa = PBXFileReference; lastKnownFileType = sourcecode.swift; path = SnippetStore.swift; sourceTree = "<group>"; };
		1A2B3C4D5E6F000000000153 /* SnippetMatcher.swift */ = {isa = PBXFileReference; lastKnownFileType = sourcecode.swift; path = SnippetMatcher.swift; sourceTree = "<group>"; };
		1A2B3C4D5E6F000000000154 /* SnippetsProvider.swift */ = {isa = PBXFileReference; lastKnownFileType = sourcecode.swift; path = SnippetsProvider.swift; sourceTree = "<group>"; };
		1A2B3C4D5E6F000000000156 /* AccessibilityPermission.swift */ = {isa = PBXFileReference; lastKnownFileType = sourcecode.swift; path = AccessibilityPermission.swift; sourceTree = "<group>"; };
		1A2B3C4D5E6F000000000157 /* HotKeyDescriptor.swift */ = {isa = PBXFileReference; lastKnownFileType = sourcecode.swift; path = HotKeyDescriptor.swift; sourceTree = "<group>"; };
		1A2B3C4D5E6F000000000160 /* ClipboardSettingsView.swift */ = {isa = PBXFileReference; lastKnownFileType = sourcecode.swift; path = ClipboardSettingsView.swift; sourceTree = "<group>"; };
		1A2B3C4D5E6F000000000170 /* ClipboardEntry.swift */ = {isa = PBXFileReference; lastKnownFileType = sourcecode.swift; path = ClipboardEntry.swift; sourceTree = "<group>"; };
		1A2B3C4D5E6F000000000171 /* ClipboardPreferences.swift */ = {isa = PBXFileReference; lastKnownFileType = sourcecode.swift; path = ClipboardPreferences.swift; sourceTree = "<group>"; };
		1A2B3C4D5E6F000000000173 /* ClipboardStore.swift */ = {isa = PBXFileReference; lastKnownFileType = sourcecode.swift; path = ClipboardStore.swift; sourceTree = "<group>"; };
		1A2B3C4D5E6F000000000174 /* ClipboardMonitor.swift */ = {isa = PBXFileReference; lastKnownFileType = sourcecode.swift; path = ClipboardMonitor.swift; sourceTree = "<group>"; };
		1A2B3C4D5E6F000000000175 /* ClipboardProvider.swift */ = {isa = PBXFileReference; lastKnownFileType = sourcecode.swift; path = ClipboardProvider.swift; sourceTree = "<group>"; };
		1A2B3C4D5E6F000000000300 /* SearchState.swift */ = {isa = PBXFileReference; lastKnownFileType = sourcecode.swift; path = SearchState.swift; sourceTree = "<group>"; };
		1A2B3C4D5E6F000000000301 /* PrefixRegistry.swift */ = {isa = PBXFileReference; lastKnownFileType = sourcecode.swift; path = PrefixRegistry.swift; sourceTree = "<group>"; };
		1A2B3C4D5E6F000000000302 /* PrefixResultItem.swift */ = {isa = PBXFileReference; lastKnownFileType = sourcecode.swift; path = PrefixResultItem.swift; sourceTree = "<group>"; };
		1A2B3C4D5E6F000000000303 /* SearchStateReducer.swift */ = {isa = PBXFileReference; lastKnownFileType = sourcecode.swift; path = SearchStateReducer.swift; sourceTree = "<group>"; };
		1A2B3C4D5E6F000000000304 /* SnippetsPreferences.swift */ = {isa = PBXFileReference; lastKnownFileType = sourcecode.swift; path = SnippetsPreferences.swift; sourceTree = "<group>"; };
		1A2B3C4D5E6F000000000305 /* TagView.swift */ = {isa = PBXFileReference; lastKnownFileType = sourcecode.swift; path = TagView.swift; sourceTree = "<group>"; };
		1A2B3C4D5E6F000000000420 /* TranslatePreferences.swift */ = {isa = PBXFileReference; lastKnownFileType = sourcecode.swift; path = TranslatePreferences.swift; sourceTree = "<group>"; };
		1A2B3C4D5E6F000000000421 /* TranslateSettingsView.swift */ = {isa = PBXFileReference; lastKnownFileType = sourcecode.swift; path = TranslateSettingsView.swift; sourceTree = "<group>"; };
		1A2B3C4D5E6F000000000423 /* TranslationService.swift */ = {isa = PBXFileReference; lastKnownFileType = sourcecode.swift; path = TranslationService.swift; sourceTree = "<group>"; };
		1A2B3C4D5E6F000000000424 /* TranslationCoordinator.swift */ = {isa = PBXFileReference; lastKnownFileType = sourcecode.swift; path = TranslationCoordinator.swift; sourceTree = "<group>"; };
		1A2B3C4D5E6F000000000428 /* TranslateProvider.swift */ = {isa = PBXFileReference; lastKnownFileType = sourcecode.swift; path = TranslateProvider.swift; sourceTree = "<group>"; };
		1A2B3C4D5E6F000000000429 /* TranslationProxy.swift */ = {isa = PBXFileReference; lastKnownFileType = sourcecode.swift; path = TranslationProxy.swift; sourceTree = "<group>"; };
		1A2B3C4D5E6F00000000042A /* APITranslationService.swift */ = {isa = PBXFileReference; lastKnownFileType = sourcecode.swift; path = APITranslationService.swift; sourceTree = "<group>"; };
		1A2B3C4D5E6F000000000430 /* SettingsView.swift */ = {isa = PBXFileReference; lastKnownFileType = sourcecode.swift; path = SettingsView.swift; sourceTree = "<group>"; };
		1A2B3C4D5E6F000000000431 /* SettingsWindowController.swift */ = {isa = PBXFileReference; lastKnownFileType = sourcecode.swift; path = SettingsWindowController.swift; sourceTree = "<group>"; };
		81DD649A6F1340A498062F06 /* UpdateSettingsView.swift */ = {isa = PBXFileReference; lastKnownFileType = sourcecode.swift; path = UpdateSettingsView.swift; sourceTree = "<group>"; };
		98746D42D3E646CCB757A85C /* AppUpdater.swift */ = {isa = PBXFileReference; lastKnownFileType = sourcecode.swift; path = AppUpdater.swift; sourceTree = "<group>"; };
/* End PBXFileReference section */

/* Begin PBXFrameworksBuildPhase section */
		1A2B3C4D5E6F000000000022 /* Frameworks */ = {
			isa = PBXFrameworksBuildPhase;
			buildActionMask = 2147483647;
			files = (
				1A2B3C4D5E6F00000000020C /* AppKit.framework in Frameworks */,
				96AE658C2F0039F200F4C762 /* Sparkle in Frameworks */,
				1A2B3C4D5E6F00000000020D /* SwiftUI.framework in Frameworks */,
				1A2B3C4D5E6F00000000020E /* Carbon.framework in Frameworks */,
			);
			runOnlyForDeploymentPostprocessing = 0;
		};
		1A2B3C4D5E6F000000000024 /* Frameworks */ = {
			isa = PBXFrameworksBuildPhase;
			buildActionMask = 2147483647;
			files = (
				1A2B3C4D5E6F00000000020F /* XCTest.framework in Frameworks */,
			);
			runOnlyForDeploymentPostprocessing = 0;
		};
/* End PBXFrameworksBuildPhase section */

/* Begin PBXGroup section */
		1A2B3C4D5E6F000000000001 = {
			isa = PBXGroup;
			children = (
				1A2B3C4D5E6F000000000004 /* FocusLite */,
				1A2B3C4D5E6F000000000005 /* FocusLiteCore */,
				1A2B3C4D5E6F000000000007 /* FocusLitePlugins */,
				1A2B3C4D5E6F000000000009 /* FocusLiteTests */,
				1A2B3C4D5E6F000000000002 /* Products */,
				1A2B3C4D5E6F000000000003 /* Frameworks */,
			);
			sourceTree = "<group>";
		};
		1A2B3C4D5E6F000000000002 /* Products */ = {
			isa = PBXGroup;
			children = (
				1A2B3C4D5E6F00000000010F /* FocusLite.app */,
				1A2B3C4D5E6F000000000110 /* FocusLiteTests.xctest */,
			);
			name = Products;
			sourceTree = "<group>";
		};
		1A2B3C4D5E6F000000000003 /* Frameworks */ = {
			isa = PBXGroup;
			children = (
				1A2B3C4D5E6F000000000120 /* AppKit.framework */,
				1A2B3C4D5E6F000000000121 /* SwiftUI.framework */,
				1A2B3C4D5E6F000000000122 /* Carbon.framework */,
				1A2B3C4D5E6F000000000123 /* XCTest.framework */,
			);
			name = Frameworks;
			sourceTree = "<group>";
		};
		1A2B3C4D5E6F000000000004 /* FocusLite */ = {
			isa = PBXGroup;
			children = (
				1A2B3C4D5E6F000000000100 /* FocusLiteApp.swift */,
				1A2B3C4D5E6F000000000101 /* AppDelegate.swift */,
				1A2B3C4D5E6F000000000156 /* AccessibilityPermission.swift */,
				1A2B3C4D5E6F000000000157 /* HotKeyDescriptor.swift */,
				1A2B3C4D5E6F000000000102 /* LauncherWindowController.swift */,
				1A2B3C4D5E6F000000000103 /* LauncherView.swift */,
				1A2B3C4D5E6F000000000104 /* LauncherViewModel.swift */,
				1A2B3C4D5E6F000000000305 /* TagView.swift */,
				1A2B3C4D5E6F000000000430 /* SettingsView.swift */,
				1A2B3C4D5E6F000000000431 /* SettingsWindowController.swift */,
				1A2B3C4D5E6F000000000142 /* AppIndexSettingsView.swift */,
				81DD649A6F1340A498062F06 /* UpdateSettingsView.swift */,
				1A2B3C4D5E6F000000000421 /* TranslateSettingsView.swift */,
				1A2B3C4D5E6F000000000160 /* ClipboardSettingsView.swift */,
				1A2B3C4D5E6F000000000150 /* SnippetsManagerView.swift */,
				98746D42D3E646CCB757A85C /* AppUpdater.swift */,
				1A2B3C4D5E6F000000000105 /* HotKeyManager.swift */,
				1A2B3C4D5E6F000000000108 /* Assets.xcassets */,
				1A2B3C4D5E6F000000000106 /* Info.plist */,
				1A2B3C4D5E6F000000000107 /* FocusLite.entitlements */,
			);
			path = FocusLite;
			sourceTree = "<group>";
		};
		1A2B3C4D5E6F000000000005 /* FocusLiteCore */ = {
			isa = PBXGroup;
			children = (
				1A2B3C4D5E6F000000000006 /* Search */,
				1A2B3C4D5E6F000000000306 /* Preferences */,
				1A2B3C4D5E6F00000000000A /* Utils */,
			);
			path = FocusLiteCore;
			sourceTree = "<group>";
		};
		1A2B3C4D5E6F000000000006 /* Search */ = {
			isa = PBXGroup;
			children = (
				1A2B3C4D5E6F000000000300 /* SearchState.swift */,
				1A2B3C4D5E6F000000000109 /* ResultItem.swift */,
				1A2B3C4D5E6F00000000010A /* ResultProvider.swift */,
				1A2B3C4D5E6F00000000010B /* SearchEngine.swift */,
				1A2B3C4D5E6F000000000113 /* SearchQueryClassifier.swift */,
				1A2B3C4D5E6F000000000301 /* PrefixRegistry.swift */,
				1A2B3C4D5E6F000000000302 /* PrefixResultItem.swift */,
				1A2B3C4D5E6F000000000303 /* SearchStateReducer.swift */,
			);
			path = Search;
			sourceTree = "<group>";
		};
		1A2B3C4D5E6F000000000007 /* FocusLitePlugins */ = {
			isa = PBXGroup;
			children = (
				1A2B3C4D5E6F00000000000B /* Calc */,
				1A2B3C4D5E6F00000000000C /* AppSearch */,
				1A2B3C4D5E6F00000000000D /* Snippets */,
				1A2B3C4D5E6F00000000000E /* Clipboard */,
				1A2B3C4D5E6F000000000329 /* Translate */,
			);
			path = FocusLitePlugins;
			sourceTree = "<group>";
		};
		1A2B3C4D5E6F000000000009 /* FocusLiteTests */ = {
			isa = PBXGroup;
			children = (
				1A2B3C4D5E6F00000000010E /* FocusLiteTests.swift */,
				1A2B3C4D5E6F000000000114 /* ExpressionParserTests.swift */,
				1A2B3C4D5E6F000000000141 /* MatchingTests.swift */,
			);
			path = FocusLiteTests;
			sourceTree = "<group>";
		};
		1A2B3C4D5E6F00000000000A /* Utils */ = {
			isa = PBXGroup;
			children = (
				1A2B3C4D5E6F00000000010D /* Log.swift */,
			);
			path = Utils;
			sourceTree = "<group>";
		};
		1A2B3C4D5E6F00000000000B /* Calc */ = {
			isa = PBXGroup;
			children = (
				1A2B3C4D5E6F000000000111 /* CalcProvider.swift */,
				1A2B3C4D5E6F000000000112 /* ExpressionParser.swift */,
			);
			path = Calc;
			sourceTree = "<group>";
		};
		1A2B3C4D5E6F00000000000C /* AppSearch */ = {
			isa = PBXGroup;
			children = (
				1A2B3C4D5E6F000000000130 /* AppSearchProvider.swift */,
				1A2B3C4D5E6F000000000132 /* AppIndex.swift */,
				1A2B3C4D5E6F000000000133 /* AppNameIndex.swift */,
				1A2B3C4D5E6F000000000134 /* Matcher.swift */,
				1A2B3C4D5E6F000000000135 /* PinyinProvider.swift */,
				1A2B3C4D5E6F000000000136 /* UserAliasStore.swift */,
				1A2B3C4D5E6F00000000013E /* Pinyin4Swift */,
			);
			path = AppSearch;
			sourceTree = "<group>";
		};
		1A2B3C4D5E6F00000000013E /* Pinyin4Swift */ = {
			isa = PBXGroup;
			children = (
				1A2B3C4D5E6F000000000137 /* Bundle+Pinyin4Swift.swift */,
				1A2B3C4D5E6F000000000138 /* OutputFormat.swift */,
				1A2B3C4D5E6F000000000139 /* PinyinFormatter.swift */,
				1A2B3C4D5E6F00000000013A /* PinyinHelper.swift */,
				1A2B3C4D5E6F00000000013B /* PinyinResource.swift */,
				1A2B3C4D5E6F00000000013C /* String+Pinyin4Swift.swift */,
				1A2B3C4D5E6F00000000013D /* unicode_to_hanyu_pinyin.txt */,
			);
			path = Vendors/Pinyin4Swift;
			sourceTree = "<group>";
		};
		1A2B3C4D5E6F00000000000D /* Snippets */ = {
			isa = PBXGroup;
			children = (
				1A2B3C4D5E6F000000000151 /* Snippet.swift */,
				1A2B3C4D5E6F000000000152 /* SnippetStore.swift */,
				1A2B3C4D5E6F000000000153 /* SnippetMatcher.swift */,
				1A2B3C4D5E6F000000000154 /* SnippetsProvider.swift */,
			);
			path = Snippets;
			sourceTree = "<group>";
		};
		1A2B3C4D5E6F00000000000E /* Clipboard */ = {
			isa = PBXGroup;
			children = (
				1A2B3C4D5E6F000000000170 /* ClipboardEntry.swift */,
				1A2B3C4D5E6F000000000171 /* ClipboardPreferences.swift */,
				1A2B3C4D5E6F000000000173 /* ClipboardStore.swift */,
				1A2B3C4D5E6F000000000174 /* ClipboardMonitor.swift */,
				1A2B3C4D5E6F000000000175 /* ClipboardProvider.swift */,
			);
			path = Clipboard;
			sourceTree = "<group>";
		};
		1A2B3C4D5E6F000000000306 /* Preferences */ = {
			isa = PBXGroup;
			children = (
				1A2B3C4D5E6F000000000304 /* SnippetsPreferences.swift */,
				1A2B3C4D5E6F000000000420 /* TranslatePreferences.swift */,
			);
			path = Preferences;
			sourceTree = "<group>";
		};
		1A2B3C4D5E6F000000000329 /* Translate */ = {
			isa = PBXGroup;
			children = (
				1A2B3C4D5E6F000000000423 /* TranslationService.swift */,
				1A2B3C4D5E6F000000000424 /* TranslationCoordinator.swift */,
				1A2B3C4D5E6F000000000429 /* TranslationProxy.swift */,
				1A2B3C4D5E6F00000000042A /* APITranslationService.swift */,
				1A2B3C4D5E6F000000000428 /* TranslateProvider.swift */,
			);
			path = Translate;
			sourceTree = "<group>";
		};
/* End PBXGroup section */

/* Begin PBXNativeTarget section */
		1A2B3C4D5E6F000000000010 /* FocusLite */ = {
			isa = PBXNativeTarget;
			buildConfigurationList = 1A2B3C4D5E6F000000000043 /* Build configuration list for PBXNativeTarget "FocusLite" */;
			buildPhases = (
				1A2B3C4D5E6F000000000020 /* Sources */,
				1A2B3C4D5E6F000000000021 /* Resources */,
				1A2B3C4D5E6F000000000022 /* Frameworks */,
			);
			buildRules = (
			);
			dependencies = (
			);
			name = FocusLite;
			packageProductDependencies = (
				96AE658B2F0039F200F4C762 /* Sparkle */,
			);
			productName = FocusLite;
			productReference = 1A2B3C4D5E6F00000000010F /* FocusLite.app */;
			productType = "com.apple.product-type.application";
		};
		1A2B3C4D5E6F000000000011 /* FocusLiteTests */ = {
			isa = PBXNativeTarget;
			buildConfigurationList = 1A2B3C4D5E6F000000000046 /* Build configuration list for PBXNativeTarget "FocusLiteTests" */;
			buildPhases = (
				1A2B3C4D5E6F000000000023 /* Sources */,
				1A2B3C4D5E6F000000000024 /* Frameworks */,
			);
			buildRules = (
			);
			dependencies = (
				1A2B3C4D5E6F000000000031 /* PBXTargetDependency */,
			);
			name = FocusLiteTests;
			productName = FocusLiteTests;
			productReference = 1A2B3C4D5E6F000000000110 /* FocusLiteTests.xctest */;
			productType = "com.apple.product-type.bundle.unit-test";
		};
/* End PBXNativeTarget section */

/* Begin PBXProject section */
		1A2B3C4D5E6F000000000000 /* Project object */ = {
			isa = PBXProject;
			attributes = {
				LastUpgradeCheck = 1500;
				TargetAttributes = {
					1A2B3C4D5E6F000000000010 = {
						CreatedOnToolsVersion = 15.0;
					};
					1A2B3C4D5E6F000000000011 = {
						CreatedOnToolsVersion = 15.0;
					};
				};
			};
			buildConfigurationList = 1A2B3C4D5E6F000000000040 /* Build configuration list for PBXProject "FocusLite" */;
			compatibilityVersion = "Xcode 15.0";
			developmentRegion = en;
			hasScannedForEncodings = 0;
			knownRegions = (
				en,
			);
			mainGroup = 1A2B3C4D5E6F000000000001;
			packageReferences = (
				96AE658A2F0039F200F4C762 /* XCRemoteSwiftPackageReference "Sparkle" */,
			);
			productRefGroup = 1A2B3C4D5E6F000000000002 /* Products */;
			projectDirPath = "";
			projectRoot = "";
			targets = (
				1A2B3C4D5E6F000000000010 /* FocusLite */,
				1A2B3C4D5E6F000000000011 /* FocusLiteTests */,
			);
		};
/* End PBXProject section */

/* Begin PBXResourcesBuildPhase section */
		1A2B3C4D5E6F000000000021 /* Resources */ = {
			isa = PBXResourcesBuildPhase;
			buildActionMask = 2147483647;
			files = (
				1A2B3C4D5E6F00000000020B /* Assets.xcassets in Resources */,
				1A2B3C4D5E6F00000000023D /* unicode_to_hanyu_pinyin.txt in Resources */,
			);
			runOnlyForDeploymentPostprocessing = 0;
		};
/* End PBXResourcesBuildPhase section */

/* Begin PBXSourcesBuildPhase section */
		1A2B3C4D5E6F000000000020 /* Sources */ = {
			isa = PBXSourcesBuildPhase;
			buildActionMask = 2147483647;
			files = (
				1A2B3C4D5E6F000000000200 /* FocusLiteApp.swift in Sources */,
				1A2B3C4D5E6F000000000201 /* AppDelegate.swift in Sources */,
				1A2B3C4D5E6F000000000256 /* AccessibilityPermission.swift in Sources */,
				1A2B3C4D5E6F000000000257 /* HotKeyDescriptor.swift in Sources */,
				1A2B3C4D5E6F000000000202 /* LauncherWindowController.swift in Sources */,
				1A2B3C4D5E6F000000000203 /* LauncherView.swift in Sources */,
				1A2B3C4D5E6F000000000325 /* TagView.swift in Sources */,
				1A2B3C4D5E6F000000000331 /* TranslateSettingsView.swift in Sources */,
				1A2B3C4D5E6F000000000332 /* SettingsView.swift in Sources */,
				1A2B3C4D5E6F000000000340 /* SettingsWindowController.swift in Sources */,
				81DD649A6F1340A498062F07 /* UpdateSettingsView.swift in Sources */,
				1A2B3C4D5E6F000000000242 /* AppIndexSettingsView.swift in Sources */,
				1A2B3C4D5E6F000000000204 /* LauncherViewModel.swift in Sources */,
				98746D42D3E646CCB757A85D /* AppUpdater.swift in Sources */,
				1A2B3C4D5E6F000000000260 /* ClipboardSettingsView.swift in Sources */,
				1A2B3C4D5E6F000000000250 /* SnippetsManagerView.swift in Sources */,
				1A2B3C4D5E6F000000000205 /* HotKeyManager.swift in Sources */,
				1A2B3C4D5E6F000000000206 /* ResultItem.swift in Sources */,
				1A2B3C4D5E6F000000000207 /* ResultProvider.swift in Sources */,
				1A2B3C4D5E6F000000000208 /* SearchEngine.swift in Sources */,
				1A2B3C4D5E6F000000000213 /* SearchQueryClassifier.swift in Sources */,
				1A2B3C4D5E6F000000000320 /* SearchState.swift in Sources */,
				1A2B3C4D5E6F000000000321 /* PrefixRegistry.swift in Sources */,
				1A2B3C4D5E6F000000000322 /* PrefixResultItem.swift in Sources */,
				1A2B3C4D5E6F000000000323 /* SearchStateReducer.swift in Sources */,
				1A2B3C4D5E6F000000000324 /* SnippetsPreferences.swift in Sources */,
				1A2B3C4D5E6F000000000330 /* TranslatePreferences.swift in Sources */,
				1A2B3C4D5E6F000000000211 /* CalcProvider.swift in Sources */,
				1A2B3C4D5E6F000000000212 /* ExpressionParser.swift in Sources */,
				1A2B3C4D5E6F000000000230 /* AppSearchProvider.swift in Sources */,
				1A2B3C4D5E6F000000000231 /* AppIndex.swift in Sources */,
				1A2B3C4D5E6F000000000233 /* AppNameIndex.swift in Sources */,
				1A2B3C4D5E6F000000000234 /* Matcher.swift in Sources */,
				1A2B3C4D5E6F000000000235 /* PinyinProvider.swift in Sources */,
				1A2B3C4D5E6F000000000236 /* UserAliasStore.swift in Sources */,
				1A2B3C4D5E6F000000000237 /* Bundle+Pinyin4Swift.swift in Sources */,
				1A2B3C4D5E6F000000000238 /* OutputFormat.swift in Sources */,
				1A2B3C4D5E6F000000000239 /* PinyinFormatter.swift in Sources */,
				1A2B3C4D5E6F00000000023A /* PinyinHelper.swift in Sources */,
				1A2B3C4D5E6F00000000023B /* PinyinResource.swift in Sources */,
				1A2B3C4D5E6F00000000023C /* String+Pinyin4Swift.swift in Sources */,
				1A2B3C4D5E6F000000000251 /* Snippet.swift in Sources */,
				1A2B3C4D5E6F000000000252 /* SnippetStore.swift in Sources */,
				1A2B3C4D5E6F000000000253 /* SnippetMatcher.swift in Sources */,
				1A2B3C4D5E6F000000000254 /* SnippetsProvider.swift in Sources */,
				1A2B3C4D5E6F000000000270 /* ClipboardEntry.swift in Sources */,
				1A2B3C4D5E6F000000000271 /* ClipboardPreferences.swift in Sources */,
				1A2B3C4D5E6F000000000273 /* ClipboardStore.swift in Sources */,
				1A2B3C4D5E6F000000000274 /* ClipboardMonitor.swift in Sources */,
				1A2B3C4D5E6F000000000275 /* ClipboardProvider.swift in Sources */,
				1A2B3C4D5E6F000000000333 /* TranslationService.swift in Sources */,
				1A2B3C4D5E6F000000000334 /* TranslationCoordinator.swift in Sources */,
				1A2B3C4D5E6F000000000338 /* TranslationProxy.swift in Sources */,
				1A2B3C4D5E6F000000000339 /* APITranslationService.swift in Sources */,
				1A2B3C4D5E6F000000000337 /* TranslateProvider.swift in Sources */,
				1A2B3C4D5E6F00000000020A /* Log.swift in Sources */,
			);
			runOnlyForDeploymentPostprocessing = 0;
		};
		1A2B3C4D5E6F000000000023 /* Sources */ = {
			isa = PBXSourcesBuildPhase;
			buildActionMask = 2147483647;
			files = (
				1A2B3C4D5E6F000000000210 /* FocusLiteTests.swift in Sources */,
				1A2B3C4D5E6F000000000214 /* ExpressionParserTests.swift in Sources */,
				1A2B3C4D5E6F000000000241 /* MatchingTests.swift in Sources */,
			);
			runOnlyForDeploymentPostprocessing = 0;
		};
/* End PBXSourcesBuildPhase section */

/* Begin PBXTargetDependency section */
		1A2B3C4D5E6F000000000031 /* PBXTargetDependency */ = {
			isa = PBXTargetDependency;
			target = 1A2B3C4D5E6F000000000010 /* FocusLite */;
			targetProxy = 1A2B3C4D5E6F000000000030 /* PBXContainerItemProxy */;
		};
/* End PBXTargetDependency section */

/* Begin XCBuildConfiguration section */
		1A2B3C4D5E6F000000000041 /* Debug */ = {
			isa = XCBuildConfiguration;
			buildSettings = {
				CODE_SIGN_STYLE = Automatic;
				DEBUG_INFORMATION_FORMAT = dwarf;
				DEVELOPMENT_TEAM = "";
				MACOSX_DEPLOYMENT_TARGET = 13.0;
				PRODUCT_NAME = "$(TARGET_NAME)";
				SWIFT_VERSION = 5.9;
			};
			name = Debug;
		};
		1A2B3C4D5E6F000000000042 /* Release */ = {
			isa = XCBuildConfiguration;
			buildSettings = {
				CODE_SIGN_STYLE = Automatic;
				DEBUG_INFORMATION_FORMAT = dwarf;
				DEVELOPMENT_TEAM = "";
				MACOSX_DEPLOYMENT_TARGET = 13.0;
				PRODUCT_NAME = "$(TARGET_NAME)";
				SWIFT_VERSION = 5.9;
			};
			name = Release;
		};
		1A2B3C4D5E6F000000000044 /* Debug */ = {
			isa = XCBuildConfiguration;
			buildSettings = {
				ASSETCATALOG_COMPILER_APPICON_NAME = AppIcon;
				CODE_SIGN_ENTITLEMENTS = FocusLite/FocusLite.entitlements;
				CODE_SIGN_STYLE = Automatic;
				CURRENT_PROJECT_VERSION = 7;
				DEVELOPMENT_TEAM = "";
				ENABLE_TESTABILITY = YES;
				INFOPLIST_FILE = FocusLite/Info.plist;
				INFOPLIST_KEY_CFBundleDisplayName = FocusLite;
				INFOPLIST_KEY_LSApplicationCategoryType = "public.app-category.developer-tools";
				LD_RUNPATH_SEARCH_PATHS = (
					"$(inherited)",
					"@executable_path/../Frameworks",
				);
				MACOSX_DEPLOYMENT_TARGET = 13.0;
				MARKETING_VERSION = 0.2.1;
				PRODUCT_BUNDLE_IDENTIFIER = io.github.peixinlu.focuslite;
				PRODUCT_NAME = FocusLite;
				SWIFT_VERSION = 5.9;
			};
			name = Debug;
		};
		1A2B3C4D5E6F000000000045 /* Release */ = {
			isa = XCBuildConfiguration;
			buildSettings = {
				ASSETCATALOG_COMPILER_APPICON_NAME = AppIcon;
				CODE_SIGN_ENTITLEMENTS = FocusLite/FocusLite.entitlements;
				CODE_SIGN_STYLE = Automatic;
				CURRENT_PROJECT_VERSION = 7;
				DEVELOPMENT_TEAM = "";
				INFOPLIST_FILE = FocusLite/Info.plist;
				INFOPLIST_KEY_CFBundleDisplayName = FocusLite;
				INFOPLIST_KEY_LSApplicationCategoryType = "public.app-category.developer-tools";
				LD_RUNPATH_SEARCH_PATHS = (
					"$(inherited)",
					"@executable_path/../Frameworks",
				);
				MACOSX_DEPLOYMENT_TARGET = 13.0;
				MARKETING_VERSION = 0.2.1;
				PRODUCT_BUNDLE_IDENTIFIER = io.github.peixinlu.focuslite;
				PRODUCT_NAME = FocusLite;
				SWIFT_VERSION = 5.9;
			};
			name = Release;
		};
		1A2B3C4D5E6F000000000047 /* Debug */ = {
			isa = XCBuildConfiguration;
			buildSettings = {
				BUNDLE_LOADER = "$(TEST_HOST)";
				CODE_SIGN_STYLE = Automatic;
				DEVELOPMENT_TEAM = "";
				GENERATE_INFOPLIST_FILE = YES;
				LD_RUNPATH_SEARCH_PATHS = (
					"$(inherited)",
					"@executable_path/../Frameworks",
				);
				MACOSX_DEPLOYMENT_TARGET = 13.0;
				PRODUCT_BUNDLE_IDENTIFIER = com.example.FocusLiteTests;
				PRODUCT_NAME = FocusLiteTests;
				SWIFT_VERSION = 5.9;
				TEST_HOST = "$(BUILT_PRODUCTS_DIR)/FocusLite.app/Contents/MacOS/FocusLite";
			};
			name = Debug;
		};
		1A2B3C4D5E6F000000000048 /* Release */ = {
			isa = XCBuildConfiguration;
			buildSettings = {
				BUNDLE_LOADER = "$(TEST_HOST)";
				CODE_SIGN_STYLE = Automatic;
				DEVELOPMENT_TEAM = "";
				GENERATE_INFOPLIST_FILE = YES;
				LD_RUNPATH_SEARCH_PATHS = (
					"$(inherited)",
					"@executable_path/../Frameworks",
				);
				MACOSX_DEPLOYMENT_TARGET = 13.0;
				PRODUCT_BUNDLE_IDENTIFIER = com.example.FocusLiteTests;
				PRODUCT_NAME = FocusLiteTests;
				SWIFT_VERSION = 5.9;
				TEST_HOST = "$(BUILT_PRODUCTS_DIR)/FocusLite.app/Contents/MacOS/FocusLite";
			};
			name = Release;
		};
/* End XCBuildConfiguration section */

/* Begin XCConfigurationList section */
		1A2B3C4D5E6F000000000040 /* Build configuration list for PBXProject "FocusLite" */ = {
			isa = XCConfigurationList;
			buildConfigurations = (
				1A2B3C4D5E6F000000000041 /* Debug */,
				1A2B3C4D5E6F000000000042 /* Release */,
			);
			defaultConfigurationIsVisible = 0;
			defaultConfigurationName = Debug;
		};
		1A2B3C4D5E6F000000000043 /* Build configuration list for PBXNativeTarget "FocusLite" */ = {
			isa = XCConfigurationList;
			buildConfigurations = (
				1A2B3C4D5E6F000000000044 /* Debug */,
				1A2B3C4D5E6F000000000045 /* Release */,
			);
			defaultConfigurationIsVisible = 0;
			defaultConfigurationName = Debug;
		};
		1A2B3C4D5E6F000000000046 /* Build configuration list for PBXNativeTarget "FocusLiteTests" */ = {
			isa = XCConfigurationList;
			buildConfigurations = (
				1A2B3C4D5E6F000000000047 /* Debug */,
				1A2B3C4D5E6F000000000048 /* Release */,
			);
			defaultConfigurationIsVisible = 0;
			defaultConfigurationName = Debug;
		};
/* End XCConfigurationList section */

/* Begin XCRemoteSwiftPackageReference section */
		96AE658A2F0039F200F4C762 /* XCRemoteSwiftPackageReference "Sparkle" */ = {
			isa = XCRemoteSwiftPackageReference;
			repositoryURL = "https://github.com/sparkle-project/Sparkle.git";
			requirement = {
				kind = upToNextMajorVersion;
				minimumVersion = 2.8.1;
			};
		};
/* End XCRemoteSwiftPackageReference section */

/* Begin XCSwiftPackageProductDependency section */
		96AE658B2F0039F200F4C762 /* Sparkle */ = {
			isa = XCSwiftPackageProductDependency;
			package = 96AE658A2F0039F200F4C762 /* XCRemoteSwiftPackageReference "Sparkle" */;
			productName = Sparkle;
		};
/* End XCSwiftPackageProductDependency section */
	};
	rootObject = 1A2B3C4D5E6F000000000000 /* Project object */;
}
